
Microsoft Visual Studio Solution File, Format Version 12.00
# Visual Studio Version 17
VisualStudioVersion = 17.8.34330.188
MinimumVisualStudioVersion = 10.0.40219.1
Project("{FAE04EC0-301F-11D3-BF4B-00C04F79EFBC}") = "login", "login\login.csproj", "{1A51B746-6A2C-4929-8E02-27A59E5A54E0}"
EndProject
Global
	GlobalSection(SolutionConfigurationPlatforms) = preSolution
		Debug|Any CPU = Debug|Any CPU
		Release|Any CPU = Release|Any CPU
	EndGlobalSection
	GlobalSection(ProjectConfigurationPlatforms) = postSolution
		{1A51B746-6A2C-4929-8E02-27A59E5A54E0}.Debug|Any CPU.ActiveCfg = Debug|Any CPU
		{1A51B746-6A2C-4929-8E02-27A59E5A54E0}.Debug|Any CPU.Build.0 = Debug|Any CPU
		{1A51B746-6A2C-4929-8E02-27A59E5A54E0}.Release|Any CPU.ActiveCfg = Release|Any CPU
		{1A51B746-6A2C-4929-8E02-27A59E5A54E0}.Release|Any CPU.Build.0 = Release|Any CPU
	EndGlobalSection
	GlobalSection(SolutionProperties) = preSolution
		HideSolutionNode = FALSE
	EndGlobalSection
	GlobalSection(ExtensibilityGlobals) = postSolution
		SolutionGuid = {97E4CB2A-7402-4E6D-951A-9DEEECA56FDA}
	EndGlobalSection
EndGlobal
